
Microsoft Visual Studio Solution File, Format Version 12.00
# Visual Studio 2012
Project("{FAE04EC0-301F-11D3-BF4B-00C04F79EFBC}") = "McDonalds_POC", "McDonalds_POC\McDonalds_POC.csproj", "{9F9816BD-37F2-43B9-82E4-C0A3AAE230D8}"
EndProject
Global
	GlobalSection(SolutionConfigurationPlatforms) = preSolution
		Debug|iPhoneSimulator = Debug|iPhoneSimulator
		Release|iPhone = Release|iPhone
		Release|iPhoneSimulator = Release|iPhoneSimulator
		Debug|iPhone = Debug|iPhone
	EndGlobalSection
	GlobalSection(ProjectConfigurationPlatforms) = postSolution
		{9F9816BD-37F2-43B9-82E4-C0A3AAE230D8}.Debug|iPhoneSimulator.ActiveCfg = Debug|iPhoneSimulator
		{9F9816BD-37F2-43B9-82E4-C0A3AAE230D8}.Debug|iPhoneSimulator.Build.0 = Debug|iPhoneSimulator
		{9F9816BD-37F2-43B9-82E4-C0A3AAE230D8}.Release|iPhone.ActiveCfg = Release|iPhone
		{9F9816BD-37F2-43B9-82E4-C0A3AAE230D8}.Release|iPhone.Build.0 = Release|iPhone
		{9F9816BD-37F2-43B9-82E4-C0A3AAE230D8}.Release|iPhoneSimulator.ActiveCfg = Release|iPhoneSimulator
		{9F9816BD-37F2-43B9-82E4-C0A3AAE230D8}.Release|iPhoneSimulator.Build.0 = Release|iPhoneSimulator
		{9F9816BD-37F2-43B9-82E4-C0A3AAE230D8}.Debug|iPhone.ActiveCfg = Debug|iPhone
		{9F9816BD-37F2-43B9-82E4-C0A3AAE230D8}.Debug|iPhone.Build.0 = Debug|iPhone
	EndGlobalSection
EndGlobal
